// !$*UTF8*$!
{
	archiveVersion = 1;
	classes = {
	};
	objectVersion = 55;
	objects = {

/* Begin PBXBuildFile section */
		0C5DBBEC4C9F4F880D871109 /* Pods_Flix_FlixUITests.framework in Frameworks */ = {isa = PBXBuildFile; fileRef = A26B1773CA7D8AA31F14DF92 /* Pods_Flix_FlixUITests.framework */; };
		135637C0DF44BCA5EFABDED8 /* Pods_Flix.framework in Frameworks */ = {isa = PBXBuildFile; fileRef = 4D472A1E8BD0A4F4A218844F /* Pods_Flix.framework */; };
		AFB6E03EC89BB6903D131C8C /* Pods_FlixTests.framework in Frameworks */ = {isa = PBXBuildFile; fileRef = 0AFE36AB14237416106EED3B /* Pods_FlixTests.framework */; };
		E451C1E528CF01440032B76F /* AppDelegate.swift in Sources */ = {isa = PBXBuildFile; fileRef = E451C1E428CF01440032B76F /* AppDelegate.swift */; };
		E451C1E728CF01440032B76F /* SceneDelegate.swift in Sources */ = {isa = PBXBuildFile; fileRef = E451C1E628CF01440032B76F /* SceneDelegate.swift */; };
		E451C1E928CF01440032B76F /* ViewController.swift in Sources */ = {isa = PBXBuildFile; fileRef = E451C1E828CF01440032B76F /* ViewController.swift */; };
		E451C1EC28CF01440032B76F /* Main.storyboard in Resources */ = {isa = PBXBuildFile; fileRef = E451C1EA28CF01440032B76F /* Main.storyboard */; };
		E451C1EF28CF01440032B76F /* Flix.xcdatamodeld in Sources */ = {isa = PBXBuildFile; fileRef = E451C1ED28CF01440032B76F /* Flix.xcdatamodeld */; };
		E451C1F128CF01480032B76F /* Assets.xcassets in Resources */ = {isa = PBXBuildFile; fileRef = E451C1F028CF01480032B76F /* Assets.xcassets */; };
		E451C1F428CF01480032B76F /* LaunchScreen.storyboard in Resources */ = {isa = PBXBuildFile; fileRef = E451C1F228CF01480032B76F /* LaunchScreen.storyboard */; };
		E451C1FF28CF01480032B76F /* FlixTests.swift in Sources */ = {isa = PBXBuildFile; fileRef = E451C1FE28CF01480032B76F /* FlixTests.swift */; };
		E451C20928CF01480032B76F /* FlixUITests.swift in Sources */ = {isa = PBXBuildFile; fileRef = E451C20828CF01480032B76F /* FlixUITests.swift */; };
		E451C20B28CF01480032B76F /* FlixUITestsLaunchTests.swift in Sources */ = {isa = PBXBuildFile; fileRef = E451C20A28CF01480032B76F /* FlixUITestsLaunchTests.swift */; };
		E4DD560228D2848F00D1DDE1 /* MovieCell.swift in Sources */ = {isa = PBXBuildFile; fileRef = E4DD560128D2848F00D1DDE1 /* MovieCell.swift */; };
		E4DD560528D2930500D1DDE1 /* AlamofireImage in Frameworks */ = {isa = PBXBuildFile; productRef = E4DD560428D2930500D1DDE1 /* AlamofireImage */; };
		E4DD560728DD0D6800D1DDE1 /* MovieDetailsViewController.swift in Sources */ = {isa = PBXBuildFile; fileRef = E4DD560628DD0D6800D1DDE1 /* MovieDetailsViewController.swift */; };
		E4DD560C28DD7E8C00D1DDE1 /* MovieGridViewController.swift in Sources */ = {isa = PBXBuildFile; fileRef = E4DD560B28DD7E8C00D1DDE1 /* MovieGridViewController.swift */; };
		E4DD560E28DD8AB500D1DDE1 /* MovieGridCell.swift in Sources */ = {isa = PBXBuildFile; fileRef = E4DD560D28DD8AB500D1DDE1 /* MovieGridCell.swift */; };
/* End PBXBuildFile section */

/* Begin PBXContainerItemProxy section */
		E451C1FB28CF01480032B76F /* PBXContainerItemProxy */ = {
			isa = PBXContainerItemProxy;
			containerPortal = E451C1D928CF01440032B76F /* Project object */;
			proxyType = 1;
			remoteGlobalIDString = E451C1E028CF01440032B76F;
			remoteInfo = Flix;
		};
		E451C20528CF01480032B76F /* PBXContainerItemProxy */ = {
			isa = PBXContainerItemProxy;
			containerPortal = E451C1D928CF01440032B76F /* Project object */;
			proxyType = 1;
			remoteGlobalIDString = E451C1E028CF01440032B76F;
			remoteInfo = Flix;
		};
/* End PBXContainerItemProxy section */

/* Begin PBXFileReference section */
		09941CACFD7ADBF0A204A95D /* Pods-Flix-FlixUITests.release.xcconfig */ = {isa = PBXFileReference; includeInIndex = 1; lastKnownFileType = text.xcconfig; name = "Pods-Flix-FlixUITests.release.xcconfig"; path = "Target Support Files/Pods-Flix-FlixUITests/Pods-Flix-FlixUITests.release.xcconfig"; sourceTree = "<group>"; };
		0AFE36AB14237416106EED3B /* Pods_FlixTests.framework */ = {isa = PBXFileReference; explicitFileType = wrapper.framework; includeInIndex = 0; path = Pods_FlixTests.framework; sourceTree = BUILT_PRODUCTS_DIR; };
		401D86CF85EED8F683A448AC /* Pods-FlixTests.release.xcconfig */ = {isa = PBXFileReference; includeInIndex = 1; lastKnownFileType = text.xcconfig; name = "Pods-FlixTests.release.xcconfig"; path = "Target Support Files/Pods-FlixTests/Pods-FlixTests.release.xcconfig"; sourceTree = "<group>"; };
		4D472A1E8BD0A4F4A218844F /* Pods_Flix.framework */ = {isa = PBXFileReference; explicitFileType = wrapper.framework; includeInIndex = 0; path = Pods_Flix.framework; sourceTree = BUILT_PRODUCTS_DIR; };
		6277F9B809DF1B0A62EDD953 /* Pods-Flix-FlixUITests.debug.xcconfig */ = {isa = PBXFileReference; includeInIndex = 1; lastKnownFileType = text.xcconfig; name = "Pods-Flix-FlixUITests.debug.xcconfig"; path = "Target Support Files/Pods-Flix-FlixUITests/Pods-Flix-FlixUITests.debug.xcconfig"; sourceTree = "<group>"; };
		8DD322099944FBF65AB01433 /* Pods-Flix.debug.xcconfig */ = {isa = PBXFileReference; includeInIndex = 1; lastKnownFileType = text.xcconfig; name = "Pods-Flix.debug.xcconfig"; path = "Target Support Files/Pods-Flix/Pods-Flix.debug.xcconfig"; sourceTree = "<group>"; };
		A26B1773CA7D8AA31F14DF92 /* Pods_Flix_FlixUITests.framework */ = {isa = PBXFileReference; explicitFileType = wrapper.framework; includeInIndex = 0; path = Pods_Flix_FlixUITests.framework; sourceTree = BUILT_PRODUCTS_DIR; };
		AE09F1F1865ECA2CE84FC093 /* Pods-FlixTests.debug.xcconfig */ = {isa = PBXFileReference; includeInIndex = 1; lastKnownFileType = text.xcconfig; name = "Pods-FlixTests.debug.xcconfig"; path = "Target Support Files/Pods-FlixTests/Pods-FlixTests.debug.xcconfig"; sourceTree = "<group>"; };
		CFF8898B817A580450B5A0F0 /* Pods-Flix.release.xcconfig */ = {isa = PBXFileReference; includeInIndex = 1; lastKnownFileType = text.xcconfig; name = "Pods-Flix.release.xcconfig"; path = "Target Support Files/Pods-Flix/Pods-Flix.release.xcconfig"; sourceTree = "<group>"; };
		E451C1E128CF01440032B76F /* Flix.app */ = {isa = PBXFileReference; explicitFileType = wrapper.application; includeInIndex = 0; path = Flix.app; sourceTree = BUILT_PRODUCTS_DIR; };
		E451C1E428CF01440032B76F /* AppDelegate.swift */ = {isa = PBXFileReference; lastKnownFileType = sourcecode.swift; path = AppDelegate.swift; sourceTree = "<group>"; };
		E451C1E628CF01440032B76F /* SceneDelegate.swift */ = {isa = PBXFileReference; lastKnownFileType = sourcecode.swift; path = SceneDelegate.swift; sourceTree = "<group>"; };
		E451C1E828CF01440032B76F /* ViewController.swift */ = {isa = PBXFileReference; lastKnownFileType = sourcecode.swift; path = ViewController.swift; sourceTree = "<group>"; };
		E451C1EB28CF01440032B76F /* Base */ = {isa = PBXFileReference; lastKnownFileType = file.storyboard; name = Base; path = Base.lproj/Main.storyboard; sourceTree = "<group>"; };
		E451C1EE28CF01440032B76F /* Flix.xcdatamodel */ = {isa = PBXFileReference; lastKnownFileType = wrapper.xcdatamodel; path = Flix.xcdatamodel; sourceTree = "<group>"; };
		E451C1F028CF01480032B76F /* Assets.xcassets */ = {isa = PBXFileReference; lastKnownFileType = folder.assetcatalog; path = Assets.xcassets; sourceTree = "<group>"; };
		E451C1F328CF01480032B76F /* Base */ = {isa = PBXFileReference; lastKnownFileType = file.storyboard; name = Base; path = Base.lproj/LaunchScreen.storyboard; sourceTree = "<group>"; };
		E451C1F528CF01480032B76F /* Info.plist */ = {isa = PBXFileReference; lastKnownFileType = text.plist.xml; path = Info.plist; sourceTree = "<group>"; };
		E451C1FA28CF01480032B76F /* FlixTests.xctest */ = {isa = PBXFileReference; explicitFileType = wrapper.cfbundle; includeInIndex = 0; path = FlixTests.xctest; sourceTree = BUILT_PRODUCTS_DIR; };
		E451C1FE28CF01480032B76F /* FlixTests.swift */ = {isa = PBXFileReference; lastKnownFileType = sourcecode.swift; path = FlixTests.swift; sourceTree = "<group>"; };
		E451C20428CF01480032B76F /* FlixUITests.xctest */ = {isa = PBXFileReference; explicitFileType = wrapper.cfbundle; includeInIndex = 0; path = FlixUITests.xctest; sourceTree = BUILT_PRODUCTS_DIR; };
		E451C20828CF01480032B76F /* FlixUITests.swift */ = {isa = PBXFileReference; lastKnownFileType = sourcecode.swift; path = FlixUITests.swift; sourceTree = "<group>"; };
		E451C20A28CF01480032B76F /* FlixUITestsLaunchTests.swift */ = {isa = PBXFileReference; lastKnownFileType = sourcecode.swift; path = FlixUITestsLaunchTests.swift; sourceTree = "<group>"; };
		E4DD560128D2848F00D1DDE1 /* MovieCell.swift */ = {isa = PBXFileReference; lastKnownFileType = sourcecode.swift; path = MovieCell.swift; sourceTree = "<group>"; };
		E4DD560628DD0D6800D1DDE1 /* MovieDetailsViewController.swift */ = {isa = PBXFileReference; lastKnownFileType = sourcecode.swift; path = MovieDetailsViewController.swift; sourceTree = "<group>"; };
		E4DD560B28DD7E8C00D1DDE1 /* MovieGridViewController.swift */ = {isa = PBXFileReference; lastKnownFileType = sourcecode.swift; path = MovieGridViewController.swift; sourceTree = "<group>"; };
		E4DD560D28DD8AB500D1DDE1 /* MovieGridCell.swift */ = {isa = PBXFileReference; lastKnownFileType = sourcecode.swift; name = MovieGridCell.swift; path = Pods/MovieGridCell.swift; sourceTree = SOURCE_ROOT; };
/* End PBXFileReference section */

/* Begin PBXFrameworksBuildPhase section */
		E451C1DE28CF01440032B76F /* Frameworks */ = {
			isa = PBXFrameworksBuildPhase;
			buildActionMask = 2147483647;
			files = (
				E4DD560528D2930500D1DDE1 /* AlamofireImage in Frameworks */,
				135637C0DF44BCA5EFABDED8 /* Pods_Flix.framework in Frameworks */,
			);
			runOnlyForDeploymentPostprocessing = 0;
		};
		E451C1F728CF01480032B76F /* Frameworks */ = {
			isa = PBXFrameworksBuildPhase;
			buildActionMask = 2147483647;
			files = (
				AFB6E03EC89BB6903D131C8C /* Pods_FlixTests.framework in Frameworks */,
			);
			runOnlyForDeploymentPostprocessing = 0;
		};
		E451C20128CF01480032B76F /* Frameworks */ = {
			isa = PBXFrameworksBuildPhase;
			buildActionMask = 2147483647;
			files = (
				0C5DBBEC4C9F4F880D871109 /* Pods_Flix_FlixUITests.framework in Frameworks */,
			);
			runOnlyForDeploymentPostprocessing = 0;
		};
/* End PBXFrameworksBuildPhase section */

/* Begin PBXGroup section */
		3E525740B6C9BD1EC30C6E68 /* Pods */ = {
			isa = PBXGroup;
			children = (
				8DD322099944FBF65AB01433 /* Pods-Flix.debug.xcconfig */,
				CFF8898B817A580450B5A0F0 /* Pods-Flix.release.xcconfig */,
				6277F9B809DF1B0A62EDD953 /* Pods-Flix-FlixUITests.debug.xcconfig */,
				09941CACFD7ADBF0A204A95D /* Pods-Flix-FlixUITests.release.xcconfig */,
				AE09F1F1865ECA2CE84FC093 /* Pods-FlixTests.debug.xcconfig */,
				401D86CF85EED8F683A448AC /* Pods-FlixTests.release.xcconfig */,
			);
			path = Pods;
			sourceTree = "<group>";
		};
		E2E24332F145D193ED6A8EF4 /* Frameworks */ = {
			isa = PBXGroup;
			children = (
				4D472A1E8BD0A4F4A218844F /* Pods_Flix.framework */,
				A26B1773CA7D8AA31F14DF92 /* Pods_Flix_FlixUITests.framework */,
				0AFE36AB14237416106EED3B /* Pods_FlixTests.framework */,
			);
			name = Frameworks;
			sourceTree = "<group>";
		};
		E451C1D828CF01440032B76F = {
			isa = PBXGroup;
			children = (
				E451C1E328CF01440032B76F /* Flix */,
				E451C1FD28CF01480032B76F /* FlixTests */,
				E451C20728CF01480032B76F /* FlixUITests */,
				E451C1E228CF01440032B76F /* Products */,
				3E525740B6C9BD1EC30C6E68 /* Pods */,
				E2E24332F145D193ED6A8EF4 /* Frameworks */,
			);
			sourceTree = "<group>";
		};
		E451C1E228CF01440032B76F /* Products */ = {
			isa = PBXGroup;
			children = (
				E451C1E128CF01440032B76F /* Flix.app */,
				E451C1FA28CF01480032B76F /* FlixTests.xctest */,
				E451C20428CF01480032B76F /* FlixUITests.xctest */,
			);
			name = Products;
			sourceTree = "<group>";
		};
		E451C1E328CF01440032B76F /* Flix */ = {
			isa = PBXGroup;
			children = (
				E4DD560D28DD8AB500D1DDE1 /* MovieGridCell.swift */,
				E451C1E428CF01440032B76F /* AppDelegate.swift */,
				E451C1E628CF01440032B76F /* SceneDelegate.swift */,
				E451C1E828CF01440032B76F /* ViewController.swift */,
				E4DD560128D2848F00D1DDE1 /* MovieCell.swift */,
				E451C1EA28CF01440032B76F /* Main.storyboard */,
				E4DD560B28DD7E8C00D1DDE1 /* MovieGridViewController.swift */,
				E4DD560628DD0D6800D1DDE1 /* MovieDetailsViewController.swift */,
				E451C1F028CF01480032B76F /* Assets.xcassets */,
				E451C1F228CF01480032B76F /* LaunchScreen.storyboard */,
				E451C1F528CF01480032B76F /* Info.plist */,
				E451C1ED28CF01440032B76F /* Flix.xcdatamodeld */,
			);
			path = Flix;
			sourceTree = "<group>";
		};
		E451C1FD28CF01480032B76F /* FlixTests */ = {
			isa = PBXGroup;
			children = (
				E451C1FE28CF01480032B76F /* FlixTests.swift */,
			);
			path = FlixTests;
			sourceTree = "<group>";
		};
		E451C20728CF01480032B76F /* FlixUITests */ = {
			isa = PBXGroup;
			children = (
				E451C20828CF01480032B76F /* FlixUITests.swift */,
				E451C20A28CF01480032B76F /* FlixUITestsLaunchTests.swift */,
			);
			path = FlixUITests;
			sourceTree = "<group>";
		};
/* End PBXGroup section */

/* Begin PBXNativeTarget section */
		E451C1E028CF01440032B76F /* Flix */ = {
			isa = PBXNativeTarget;
			buildConfigurationList = E451C20E28CF01480032B76F /* Build configuration list for PBXNativeTarget "Flix" */;
			buildPhases = (
				07CD267B764C46163E57BA3A /* [CP] Check Pods Manifest.lock */,
				E451C1DD28CF01440032B76F /* Sources */,
				E451C1DE28CF01440032B76F /* Frameworks */,
				E451C1DF28CF01440032B76F /* Resources */,
				F2C0BDB26FAB12EF1BAB0387 /* [CP] Embed Pods Frameworks */,
			);
			buildRules = (
			);
			dependencies = (
			);
			name = Flix;
			packageProductDependencies = (
				E4DD560428D2930500D1DDE1 /* AlamofireImage */,
			);
			productName = Flix;
			productReference = E451C1E128CF01440032B76F /* Flix.app */;
			productType = "com.apple.product-type.application";
		};
		E451C1F928CF01480032B76F /* FlixTests */ = {
			isa = PBXNativeTarget;
			buildConfigurationList = E451C21128CF01480032B76F /* Build configuration list for PBXNativeTarget "FlixTests" */;
			buildPhases = (
				47BC987914EB6052B249C7FC /* [CP] Check Pods Manifest.lock */,
				E451C1F628CF01480032B76F /* Sources */,
				E451C1F728CF01480032B76F /* Frameworks */,
				E451C1F828CF01480032B76F /* Resources */,
			);
			buildRules = (
			);
			dependencies = (
				E451C1FC28CF01480032B76F /* PBXTargetDependency */,
			);
			name = FlixTests;
			productName = FlixTests;
			productReference = E451C1FA28CF01480032B76F /* FlixTests.xctest */;
			productType = "com.apple.product-type.bundle.unit-test";
		};
		E451C20328CF01480032B76F /* FlixUITests */ = {
			isa = PBXNativeTarget;
			buildConfigurationList = E451C21428CF01480032B76F /* Build configuration list for PBXNativeTarget "FlixUITests" */;
			buildPhases = (
				67596018F1299AFFC89B8521 /* [CP] Check Pods Manifest.lock */,
				E451C20028CF01480032B76F /* Sources */,
				E451C20128CF01480032B76F /* Frameworks */,
				E451C20228CF01480032B76F /* Resources */,
				AEE27D5642286802F91C3625 /* [CP] Embed Pods Frameworks */,
			);
			buildRules = (
			);
			dependencies = (
				E451C20628CF01480032B76F /* PBXTargetDependency */,
			);
			name = FlixUITests;
			productName = FlixUITests;
			productReference = E451C20428CF01480032B76F /* FlixUITests.xctest */;
			productType = "com.apple.product-type.bundle.ui-testing";
		};
/* End PBXNativeTarget section */

/* Begin PBXProject section */
		E451C1D928CF01440032B76F /* Project object */ = {
			isa = PBXProject;
			attributes = {
				BuildIndependentTargetsInParallel = 1;
				LastSwiftUpdateCheck = 1340;
				LastUpgradeCheck = 1340;
				TargetAttributes = {
					E451C1E028CF01440032B76F = {
						CreatedOnToolsVersion = 13.4.1;
					};
					E451C1F928CF01480032B76F = {
						CreatedOnToolsVersion = 13.4.1;
						TestTargetID = E451C1E028CF01440032B76F;
					};
					E451C20328CF01480032B76F = {
						CreatedOnToolsVersion = 13.4.1;
						TestTargetID = E451C1E028CF01440032B76F;
					};
				};
			};
			buildConfigurationList = E451C1DC28CF01440032B76F /* Build configuration list for PBXProject "Flix" */;
			compatibilityVersion = "Xcode 13.0";
			developmentRegion = en;
			hasScannedForEncodings = 0;
			knownRegions = (
				en,
				Base,
			);
			mainGroup = E451C1D828CF01440032B76F;
			packageReferences = (
				E4DD560328D2930500D1DDE1 /* XCRemoteSwiftPackageReference "AlamofireImage" */,
			);
			productRefGroup = E451C1E228CF01440032B76F /* Products */;
			projectDirPath = "";
			projectRoot = "";
			targets = (
				E451C1E028CF01440032B76F /* Flix */,
				E451C1F928CF01480032B76F /* FlixTests */,
				E451C20328CF01480032B76F /* FlixUITests */,
			);
		};
/* End PBXProject section */

/* Begin PBXResourcesBuildPhase section */
		E451C1DF28CF01440032B76F /* Resources */ = {
			isa = PBXResourcesBuildPhase;
			buildActionMask = 2147483647;
			files = (
				E451C1F428CF01480032B76F /* LaunchScreen.storyboard in Resources */,
				E451C1F128CF01480032B76F /* Assets.xcassets in Resources */,
				E451C1EC28CF01440032B76F /* Main.storyboard in Resources */,
			);
			runOnlyForDeploymentPostprocessing = 0;
		};
		E451C1F828CF01480032B76F /* Resources */ = {
			isa = PBXResourcesBuildPhase;
			buildActionMask = 2147483647;
			files = (
			);
			runOnlyForDeploymentPostprocessing = 0;
		};
		E451C20228CF01480032B76F /* Resources */ = {
			isa = PBXResourcesBuildPhase;
			buildActionMask = 2147483647;
			files = (
			);
			runOnlyForDeploymentPostprocessing = 0;
		};
/* End PBXResourcesBuildPhase section */

/* Begin PBXShellScriptBuildPhase section */
		07CD267B764C46163E57BA3A /* [CP] Check Pods Manifest.lock */ = {
			isa = PBXShellScriptBuildPhase;
			buildActionMask = 2147483647;
			files = (
			);
			inputFileListPaths = (
			);
			inputPaths = (
				"${PODS_PODFILE_DIR_PATH}/Podfile.lock",
				"${PODS_ROOT}/Manifest.lock",
			);
			name = "[CP] Check Pods Manifest.lock";
			outputFileListPaths = (
			);
			outputPaths = (
				"$(DERIVED_FILE_DIR)/Pods-Flix-checkManifestLockResult.txt",
			);
			runOnlyForDeploymentPostprocessing = 0;
			shellPath = /bin/sh;
			shellScript = "diff \"${PODS_PODFILE_DIR_PATH}/Podfile.lock\" \"${PODS_ROOT}/Manifest.lock\" > /dev/null\nif [ $? != 0 ] ; then\n    # print error to STDERR\n    echo \"error: The sandbox is not in sync with the Podfile.lock. Run 'pod install' or update your CocoaPods installation.\" >&2\n    exit 1\nfi\n# This output is used by Xcode 'outputs' to avoid re-running this script phase.\necho \"SUCCESS\" > \"${SCRIPT_OUTPUT_FILE_0}\"\n";
			showEnvVarsInLog = 0;
		};
		47BC987914EB6052B249C7FC /* [CP] Check Pods Manifest.lock */ = {
			isa = PBXShellScriptBuildPhase;
			buildActionMask = 2147483647;
			files = (
			);
			inputFileListPaths = (
			);
			inputPaths = (
				"${PODS_PODFILE_DIR_PATH}/Podfile.lock",
				"${PODS_ROOT}/Manifest.lock",
			);
			name = "[CP] Check Pods Manifest.lock";
			outputFileListPaths = (
			);
			outputPaths = (
				"$(DERIVED_FILE_DIR)/Pods-FlixTests-checkManifestLockResult.txt",
			);
			runOnlyForDeploymentPostprocessing = 0;
			shellPath = /bin/sh;
			shellScript = "diff \"${PODS_PODFILE_DIR_PATH}/Podfile.lock\" \"${PODS_ROOT}/Manifest.lock\" > /dev/null\nif [ $? != 0 ] ; then\n    # print error to STDERR\n    echo \"error: The sandbox is not in sync with the Podfile.lock. Run 'pod install' or update your CocoaPods installation.\" >&2\n    exit 1\nfi\n# This output is used by Xcode 'outputs' to avoid re-running this script phase.\necho \"SUCCESS\" > \"${SCRIPT_OUTPUT_FILE_0}\"\n";
			showEnvVarsInLog = 0;
		};
		67596018F1299AFFC89B8521 /* [CP] Check Pods Manifest.lock */ = {
			isa = PBXShellScriptBuildPhase;
			buildActionMask = 2147483647;
			files = (
			);
			inputFileListPaths = (
			);
			inputPaths = (
				"${PODS_PODFILE_DIR_PATH}/Podfile.lock",
				"${PODS_ROOT}/Manifest.lock",
			);
			name = "[CP] Check Pods Manifest.lock";
			outputFileListPaths = (
			);
			outputPaths = (
				"$(DERIVED_FILE_DIR)/Pods-Flix-FlixUITests-checkManifestLockResult.txt",
			);
			runOnlyForDeploymentPostprocessing = 0;
			shellPath = /bin/sh;
			shellScript = "diff \"${PODS_PODFILE_DIR_PATH}/Podfile.lock\" \"${PODS_ROOT}/Manifest.lock\" > /dev/null\nif [ $? != 0 ] ; then\n    # print error to STDERR\n    echo \"error: The sandbox is not in sync with the Podfile.lock. Run 'pod install' or update your CocoaPods installation.\" >&2\n    exit 1\nfi\n# This output is used by Xcode 'outputs' to avoid re-running this script phase.\necho \"SUCCESS\" > \"${SCRIPT_OUTPUT_FILE_0}\"\n";
			showEnvVarsInLog = 0;
		};
		AEE27D5642286802F91C3625 /* [CP] Embed Pods Frameworks */ = {
			isa = PBXShellScriptBuildPhase;
			buildActionMask = 2147483647;
			files = (
			);
			inputFileListPaths = (
				"${PODS_ROOT}/Target Support Files/Pods-Flix-FlixUITests/Pods-Flix-FlixUITests-frameworks-${CONFIGURATION}-input-files.xcfilelist",
			);
			name = "[CP] Embed Pods Frameworks";
			outputFileListPaths = (
				"${PODS_ROOT}/Target Support Files/Pods-Flix-FlixUITests/Pods-Flix-FlixUITests-frameworks-${CONFIGURATION}-output-files.xcfilelist",
			);
			runOnlyForDeploymentPostprocessing = 0;
			shellPath = /bin/sh;
			shellScript = "\"${PODS_ROOT}/Target Support Files/Pods-Flix-FlixUITests/Pods-Flix-FlixUITests-frameworks.sh\"\n";
			showEnvVarsInLog = 0;
		};
		F2C0BDB26FAB12EF1BAB0387 /* [CP] Embed Pods Frameworks */ = {
			isa = PBXShellScriptBuildPhase;
			buildActionMask = 2147483647;
			files = (
			);
			inputFileListPaths = (
				"${PODS_ROOT}/Target Support Files/Pods-Flix/Pods-Flix-frameworks-${CONFIGURATION}-input-files.xcfilelist",
			);
			name = "[CP] Embed Pods Frameworks";
			outputFileListPaths = (
				"${PODS_ROOT}/Target Support Files/Pods-Flix/Pods-Flix-frameworks-${CONFIGURATION}-output-files.xcfilelist",
			);
			runOnlyForDeploymentPostprocessing = 0;
			shellPath = /bin/sh;
			shellScript = "\"${PODS_ROOT}/Target Support Files/Pods-Flix/Pods-Flix-frameworks.sh\"\n";
			showEnvVarsInLog = 0;
		};
/* End PBXShellScriptBuildPhase section */

/* Begin PBXSourcesBuildPhase section */
		E451C1DD28CF01440032B76F /* Sources */ = {
			isa = PBXSourcesBuildPhase;
			buildActionMask = 2147483647;
			files = (
				E451C1EF28CF01440032B76F /* Flix.xcdatamodeld in Sources */,
				E451C1E928CF01440032B76F /* ViewController.swift in Sources */,
				E4DD560728DD0D6800D1DDE1 /* MovieDetailsViewController.swift in Sources */,
				E4DD560C28DD7E8C00D1DDE1 /* MovieGridViewController.swift in Sources */,
				E4DD560E28DD8AB500D1DDE1 /* MovieGridCell.swift in Sources */,
				E451C1E528CF01440032B76F /* AppDelegate.swift in Sources */,
				E4DD560228D2848F00D1DDE1 /* MovieCell.swift in Sources */,
				E451C1E728CF01440032B76F /* SceneDelegate.swift in Sources */,
			);
			runOnlyForDeploymentPostprocessing = 0;
		};
		E451C1F628CF01480032B76F /* Sources */ = {
			isa = PBXSourcesBuildPhase;
			buildActionMask = 2147483647;
			files = (
				E451C1FF28CF01480032B76F /* FlixTests.swift in Sources */,
			);
			runOnlyForDeploymentPostprocessing = 0;
		};
		E451C20028CF01480032B76F /* Sources */ = {
			isa = PBXSourcesBuildPhase;
			buildActionMask = 2147483647;
			files = (
				E451C20928CF01480032B76F /* FlixUITests.swift in Sources */,
				E451C20B28CF01480032B76F /* FlixUITestsLaunchTests.swift in Sources */,
			);
			runOnlyForDeploymentPostprocessing = 0;
		};
/* End PBXSourcesBuildPhase section */

/* Begin PBXTargetDependency section */
		E451C1FC28CF01480032B76F /* PBXTargetDependency */ = {
			isa = PBXTargetDependency;
			target = E451C1E028CF01440032B76F /* Flix */;
			targetProxy = E451C1FB28CF01480032B76F /* PBXContainerItemProxy */;
		};
		E451C20628CF01480032B76F /* PBXTargetDependency */ = {
			isa = PBXTargetDependency;
			target = E451C1E028CF01440032B76F /* Flix */;
			targetProxy = E451C20528CF01480032B76F /* PBXContainerItemProxy */;
		};
/* End PBXTargetDependency section */

/* Begin PBXVariantGroup section */
		E451C1EA28CF01440032B76F /* Main.storyboard */ = {
			isa = PBXVariantGroup;
			children = (
				E451C1EB28CF01440032B76F /* Base */,
			);
			name = Main.storyboard;
			sourceTree = "<group>";
		};
		E451C1F228CF01480032B76F /* LaunchScreen.storyboard */ = {
			isa = PBXVariantGroup;
			children = (
				E451C1F328CF01480032B76F /* Base */,
			);
			name = LaunchScreen.storyboard;
			sourceTree = "<group>";
		};
/* End PBXVariantGroup section */

/* Begin XCBuildConfiguration section */
		E451C20C28CF01480032B76F /* Debug */ = {
			isa = XCBuildConfiguration;
			buildSettings = {
				ALWAYS_SEARCH_USER_PATHS = NO;
				CLANG_ANALYZER_NONNULL = YES;
				CLANG_ANALYZER_NUMBER_OBJECT_CONVERSION = YES_AGGRESSIVE;
				CLANG_CXX_LANGUAGE_STANDARD = "gnu++17";
				CLANG_ENABLE_MODULES = YES;
				CLANG_ENABLE_OBJC_ARC = YES;
				CLANG_ENABLE_OBJC_WEAK = YES;
				CLANG_WARN_BLOCK_CAPTURE_AUTORELEASING = YES;
				CLANG_WARN_BOOL_CONVERSION = YES;
				CLANG_WARN_COMMA = YES;
				CLANG_WARN_CONSTANT_CONVERSION = YES;
				CLANG_WARN_DEPRECATED_OBJC_IMPLEMENTATIONS = YES;
				CLANG_WARN_DIRECT_OBJC_ISA_USAGE = YES_ERROR;
				CLANG_WARN_DOCUMENTATION_COMMENTS = YES;
				CLANG_WARN_EMPTY_BODY = YES;
				CLANG_WARN_ENUM_CONVERSION = YES;
				CLANG_WARN_INFINITE_RECURSION = YES;
				CLANG_WARN_INT_CONVERSION = YES;
				CLANG_WARN_NON_LITERAL_NULL_CONVERSION = YES;
				CLANG_WARN_OBJC_IMPLICIT_RETAIN_SELF = YES;
				CLANG_WARN_OBJC_LITERAL_CONVERSION = YES;
				CLANG_WARN_OBJC_ROOT_CLASS = YES_ERROR;
				CLANG_WARN_QUOTED_INCLUDE_IN_FRAMEWORK_HEADER = YES;
				CLANG_WARN_RANGE_LOOP_ANALYSIS = YES;
				CLANG_WARN_STRICT_PROTOTYPES = YES;
				CLANG_WARN_SUSPICIOUS_MOVE = YES;
				CLANG_WARN_UNGUARDED_AVAILABILITY = YES_AGGRESSIVE;
				CLANG_WARN_UNREACHABLE_CODE = YES;
				CLANG_WARN__DUPLICATE_METHOD_MATCH = YES;
				COPY_PHASE_STRIP = NO;
				DEBUG_INFORMATION_FORMAT = dwarf;
				ENABLE_STRICT_OBJC_MSGSEND = YES;
				ENABLE_TESTABILITY = YES;
				GCC_C_LANGUAGE_STANDARD = gnu11;
				GCC_DYNAMIC_NO_PIC = NO;
				GCC_NO_COMMON_BLOCKS = YES;
				GCC_OPTIMIZATION_LEVEL = 0;
				GCC_PREPROCESSOR_DEFINITIONS = (
					"DEBUG=1",
					"$(inherited)",
				);
				GCC_WARN_64_TO_32_BIT_CONVERSION = YES;
				GCC_WARN_ABOUT_RETURN_TYPE = YES_ERROR;
				GCC_WARN_UNDECLARED_SELECTOR = YES;
				GCC_WARN_UNINITIALIZED_AUTOS = YES_AGGRESSIVE;
				GCC_WARN_UNUSED_FUNCTION = YES;
				GCC_WARN_UNUSED_VARIABLE = YES;
				IPHONEOS_DEPLOYMENT_TARGET = 15.5;
				MTL_ENABLE_DEBUG_INFO = INCLUDE_SOURCE;
				MTL_FAST_MATH = YES;
				ONLY_ACTIVE_ARCH = YES;
				SDKROOT = iphoneos;
				SWIFT_ACTIVE_COMPILATION_CONDITIONS = DEBUG;
				SWIFT_OPTIMIZATION_LEVEL = "-Onone";
			};
			name = Debug;
		};
		E451C20D28CF01480032B76F /* Release */ = {
			isa = XCBuildConfiguration;
			buildSettings = {
				ALWAYS_SEARCH_USER_PATHS = NO;
				CLANG_ANALYZER_NONNULL = YES;
				CLANG_ANALYZER_NUMBER_OBJECT_CONVERSION = YES_AGGRESSIVE;
				CLANG_CXX_LANGUAGE_STANDARD = "gnu++17";
				CLANG_ENABLE_MODULES = YES;
				CLANG_ENABLE_OBJC_ARC = YES;
				CLANG_ENABLE_OBJC_WEAK = YES;
				CLANG_WARN_BLOCK_CAPTURE_AUTORELEASING = YES;
				CLANG_WARN_BOOL_CONVERSION = YES;
				CLANG_WARN_COMMA = YES;
				CLANG_WARN_CONSTANT_CONVERSION = YES;
				CLANG_WARN_DEPRECATED_OBJC_IMPLEMENTATIONS = YES;
				CLANG_WARN_DIRECT_OBJC_ISA_USAGE = YES_ERROR;
				CLANG_WARN_DOCUMENTATION_COMMENTS = YES;
				CLANG_WARN_EMPTY_BODY = YES;
				CLANG_WARN_ENUM_CONVERSION = YES;
				CLANG_WARN_INFINITE_RECURSION = YES;
				CLANG_WARN_INT_CONVERSION = YES;
				CLANG_WARN_NON_LITERAL_NULL_CONVERSION = YES;
				CLANG_WARN_OBJC_IMPLICIT_RETAIN_SELF = YES;
				CLANG_WARN_OBJC_LITERAL_CONVERSION = YES;
				CLANG_WARN_OBJC_ROOT_CLASS = YES_ERROR;
				CLANG_WARN_QUOTED_INCLUDE_IN_FRAMEWORK_HEADER = YES;
				CLANG_WARN_RANGE_LOOP_ANALYSIS = YES;
				CLANG_WARN_STRICT_PROTOTYPES = YES;
				CLANG_WARN_SUSPICIOUS_MOVE = YES;
				CLANG_WARN_UNGUARDED_AVAILABILITY = YES_AGGRESSIVE;
				CLANG_WARN_UNREACHABLE_CODE = YES;
				CLANG_WARN__DUPLICATE_METHOD_MATCH = YES;
				COPY_PHASE_STRIP = NO;
				DEBUG_INFORMATION_FORMAT = "dwarf-with-dsym";
				ENABLE_NS_ASSERTIONS = NO;
				ENABLE_STRICT_OBJC_MSGSEND = YES;
				GCC_C_LANGUAGE_STANDARD = gnu11;
				GCC_NO_COMMON_BLOCKS = YES;
				GCC_WARN_64_TO_32_BIT_CONVERSION = YES;
				GCC_WARN_ABOUT_RETURN_TYPE = YES_ERROR;
				GCC_WARN_UNDECLARED_SELECTOR = YES;
				GCC_WARN_UNINITIALIZED_AUTOS = YES_AGGRESSIVE;
				GCC_WARN_UNUSED_FUNCTION = YES;
				GCC_WARN_UNUSED_VARIABLE = YES;
				IPHONEOS_DEPLOYMENT_TARGET = 15.5;
				MTL_ENABLE_DEBUG_INFO = NO;
				MTL_FAST_MATH = YES;
				SDKROOT = iphoneos;
				SWIFT_COMPILATION_MODE = wholemodule;
				SWIFT_OPTIMIZATION_LEVEL = "-O";
				VALIDATE_PRODUCT = YES;
			};
			name = Release;
		};
		E451C20F28CF01480032B76F /* Debug */ = {
			isa = XCBuildConfiguration;
			baseConfigurationReference = 8DD322099944FBF65AB01433 /* Pods-Flix.debug.xcconfig */;
			buildSettings = {
				ASSETCATALOG_COMPILER_APPICON_NAME = AppIcon;
				ASSETCATALOG_COMPILER_GLOBAL_ACCENT_COLOR_NAME = AccentColor;
				CODE_SIGN_STYLE = Automatic;
				CURRENT_PROJECT_VERSION = 1;
				GENERATE_INFOPLIST_FILE = YES;
				INFOPLIST_FILE = Flix/Info.plist;
				INFOPLIST_KEY_UIApplicationSupportsIndirectInputEvents = YES;
				INFOPLIST_KEY_UILaunchStoryboardName = LaunchScreen;
				INFOPLIST_KEY_UIMainStoryboardFile = Main;
				INFOPLIST_KEY_UISupportedInterfaceOrientations_iPad = "UIInterfaceOrientationPortrait UIInterfaceOrientationPortraitUpsideDown UIInterfaceOrientationLandscapeLeft UIInterfaceOrientationLandscapeRight";
				INFOPLIST_KEY_UISupportedInterfaceOrientations_iPhone = "UIInterfaceOrientationPortrait UIInterfaceOrientationLandscapeLeft UIInterfaceOrientationLandscapeRight";
				LD_RUNPATH_SEARCH_PATHS = (
					"$(inherited)",
					"@executable_path/Frameworks",
				);
				MARKETING_VERSION = 1.0;
				PRODUCT_BUNDLE_IDENTIFIER = me.Flix;
				PRODUCT_NAME = "$(TARGET_NAME)";
				SWIFT_EMIT_LOC_STRINGS = YES;
				SWIFT_VERSION = 5.0;
				TARGETED_DEVICE_FAMILY = "1,2";
			};
			name = Debug;
		};
		E451C21028CF01480032B76F /* Release */ = {
			isa = XCBuildConfiguration;
			baseConfigurationReference = CFF8898B817A580450B5A0F0 /* Pods-Flix.release.xcconfig */;
			buildSettings = {
				ASSETCATALOG_COMPILER_APPICON_NAME = AppIcon;
				ASSETCATALOG_COMPILER_GLOBAL_ACCENT_COLOR_NAME = AccentColor;
				CODE_SIGN_STYLE = Automatic;
				CURRENT_PROJECT_VERSION = 1;
				GENERATE_INFOPLIST_FILE = YES;
				INFOPLIST_FILE = Flix/Info.plist;
				INFOPLIST_KEY_UIApplicationSupportsIndirectInputEvents = YES;
				INFOPLIST_KEY_UILaunchStoryboardName = LaunchScreen;
				INFOPLIST_KEY_UIMainStoryboardFile = Main;
				INFOPLIST_KEY_UISupportedInterfaceOrientations_iPad = "UIInterfaceOrientationPortrait UIInterfaceOrientationPortraitUpsideDown UIInterfaceOrientationLandscapeLeft UIInterfaceOrientationLandscapeRight";
				INFOPLIST_KEY_UISupportedInterfaceOrientations_iPhone = "UIInterfaceOrientationPortrait UIInterfaceOrientationLandscapeLeft UIInterfaceOrientationLandscapeRight";
				LD_RUNPATH_SEARCH_PATHS = (
					"$(inherited)",
					"@executable_path/Frameworks",
				);
				MARKETING_VERSION = 1.0;
				PRODUCT_BUNDLE_IDENTIFIER = me.Flix;
				PRODUCT_NAME = "$(TARGET_NAME)";
				SWIFT_EMIT_LOC_STRINGS = YES;
				SWIFT_VERSION = 5.0;
				TARGETED_DEVICE_FAMILY = "1,2";
			};
			name = Release;
		};
		E451C21228CF01480032B76F /* Debug */ = {
			isa = XCBuildConfiguration;
			baseConfigurationReference = AE09F1F1865ECA2CE84FC093 /* Pods-FlixTests.debug.xcconfig */;
			buildSettings = {
				ALWAYS_EMBED_SWIFT_STANDARD_LIBRARIES = YES;
				BUNDLE_LOADER = "$(TEST_HOST)";
				CODE_SIGN_STYLE = Automatic;
				CURRENT_PROJECT_VERSION = 1;
				GENERATE_INFOPLIST_FILE = YES;
				IPHONEOS_DEPLOYMENT_TARGET = 15.5;
				MARKETING_VERSION = 1.0;
				PRODUCT_BUNDLE_IDENTIFIER = me.FlixTests;
				PRODUCT_NAME = "$(TARGET_NAME)";
				SWIFT_EMIT_LOC_STRINGS = NO;
				SWIFT_VERSION = 5.0;
				TARGETED_DEVICE_FAMILY = "1,2";
				TEST_HOST = "$(BUILT_PRODUCTS_DIR)/Flix.app/Flix";
			};
			name = Debug;
		};
		E451C21328CF01480032B76F /* Release */ = {
			isa = XCBuildConfiguration;
			baseConfigurationReference = 401D86CF85EED8F683A448AC /* Pods-FlixTests.release.xcconfig */;
			buildSettings = {
				ALWAYS_EMBED_SWIFT_STANDARD_LIBRARIES = YES;
				BUNDLE_LOADER = "$(TEST_HOST)";
				CODE_SIGN_STYLE = Automatic;
				CURRENT_PROJECT_VERSION = 1;
				GENERATE_INFOPLIST_FILE = YES;
				IPHONEOS_DEPLOYMENT_TARGET = 15.5;
				MARKETING_VERSION = 1.0;
				PRODUCT_BUNDLE_IDENTIFIER = me.FlixTests;
				PRODUCT_NAME = "$(TARGET_NAME)";
				SWIFT_EMIT_LOC_STRINGS = NO;
				SWIFT_VERSION = 5.0;
				TARGETED_DEVICE_FAMILY = "1,2";
				TEST_HOST = "$(BUILT_PRODUCTS_DIR)/Flix.app/Flix";
			};
			name = Release;
		};
		E451C21528CF01480032B76F /* Debug */ = {
			isa = XCBuildConfiguration;
			baseConfigurationReference = 6277F9B809DF1B0A62EDD953 /* Pods-Flix-FlixUITests.debug.xcconfig */;
			buildSettings = {
				ALWAYS_EMBED_SWIFT_STANDARD_LIBRARIES = YES;
				CODE_SIGN_STYLE = Automatic;
				CURRENT_PROJECT_VERSION = 1;
				GENERATE_INFOPLIST_FILE = YES;
				MARKETING_VERSION = 1.0;
				PRODUCT_BUNDLE_IDENTIFIER = me.FlixUITests;
				PRODUCT_NAME = "$(TARGET_NAME)";
				SWIFT_EMIT_LOC_STRINGS = NO;
				SWIFT_VERSION = 5.0;
				TARGETED_DEVICE_FAMILY = "1,2";
				TEST_TARGET_NAME = Flix;
			};
			name = Debug;
		};
		E451C21628CF01480032B76F /* Release */ = {
			isa = XCBuildConfiguration;
			baseConfigurationReference = 09941CACFD7ADBF0A204A95D /* Pods-Flix-FlixUITests.release.xcconfig */;
			buildSettings = {
				ALWAYS_EMBED_SWIFT_STANDARD_LIBRARIES = YES;
				CODE_SIGN_STYLE = Automatic;
				CURRENT_PROJECT_VERSION = 1;
				GENERATE_INFOPLIST_FILE = YES;
				MARKETING_VERSION = 1.0;
				PRODUCT_BUNDLE_IDENTIFIER = me.FlixUITests;
				PRODUCT_NAME = "$(TARGET_NAME)";
				SWIFT_EMIT_LOC_STRINGS = NO;
				SWIFT_VERSION = 5.0;
				TARGETED_DEVICE_FAMILY = "1,2";
				TEST_TARGET_NAME = Flix;
			};
			name = Release;
		};
/* End XCBuildConfiguration section */

/* Begin XCConfigurationList section */
		E451C1DC28CF01440032B76F /* Build configuration list for PBXProject "Flix" */ = {
			isa = XCConfigurationList;
			buildConfigurations = (
				E451C20C28CF01480032B76F /* Debug */,
				E451C20D28CF01480032B76F /* Release */,
			);
			defaultConfigurationIsVisible = 0;
			defaultConfigurationName = Release;
		};
		E451C20E28CF01480032B76F /* Build configuration list for PBXNativeTarget "Flix" */ = {
			isa = XCConfigurationList;
			buildConfigurations = (
				E451C20F28CF01480032B76F /* Debug */,
				E451C21028CF01480032B76F /* Release */,
			);
			defaultConfigurationIsVisible = 0;
			defaultConfigurationName = Release;
		};
		E451C21128CF01480032B76F /* Build configuration list for PBXNativeTarget "FlixTests" */ = {
			isa = XCConfigurationList;
			buildConfigurations = (
				E451C21228CF01480032B76F /* Debug */,
				E451C21328CF01480032B76F /* Release */,
			);
			defaultConfigurationIsVisible = 0;
			defaultConfigurationName = Release;
		};
		E451C21428CF01480032B76F /* Build configuration list for PBXNativeTarget "FlixUITests" */ = {
			isa = XCConfigurationList;
			buildConfigurations = (
				E451C21528CF01480032B76F /* Debug */,
				E451C21628CF01480032B76F /* Release */,
			);
			defaultConfigurationIsVisible = 0;
			defaultConfigurationName = Release;
		};
/* End XCConfigurationList section */

/* Begin XCRemoteSwiftPackageReference section */
		E4DD560328D2930500D1DDE1 /* XCRemoteSwiftPackageReference "AlamofireImage" */ = {
			isa = XCRemoteSwiftPackageReference;
			repositoryURL = "https://github.com/Alamofire/AlamofireImage";
			requirement = {
				kind = upToNextMajorVersion;
				minimumVersion = 4.0.0;
			};
		};
/* End XCRemoteSwiftPackageReference section */

/* Begin XCSwiftPackageProductDependency section */
		E4DD560428D2930500D1DDE1 /* AlamofireImage */ = {
			isa = XCSwiftPackageProductDependency;
			package = E4DD560328D2930500D1DDE1 /* XCRemoteSwiftPackageReference "AlamofireImage" */;
			productName = AlamofireImage;
		};
/* End XCSwiftPackageProductDependency section */

/* Begin XCVersionGroup section */
		E451C1ED28CF01440032B76F /* Flix.xcdatamodeld */ = {
			isa = XCVersionGroup;
			children = (
				E451C1EE28CF01440032B76F /* Flix.xcdatamodel */,
			);
			currentVersion = E451C1EE28CF01440032B76F /* Flix.xcdatamodel */;
			path = Flix.xcdatamodeld;
			sourceTree = "<group>";
			versionGroupType = wrapper.xcdatamodel;
		};
/* End XCVersionGroup section */
	};
	rootObject = E451C1D928CF01440032B76F /* Project object */;
}
